
Microsoft Visual Studio Solution File, Format Version 12.00
# Visual Studio 15
VisualStudioVersion = 15.0.27428.2043
MinimumVisualStudioVersion = 10.0.40219.1
Project("{FAE04EC0-301F-11D3-BF4B-00C04F79EFBC}") = "Roman_Numeral_Msft", "Roman_Numeral_Msft\Roman_Numeral_Msft.csproj", "{FBEF4415-1FD8-448C-833E-EC545D56F98F}"
EndProject
Global
	GlobalSection(SolutionConfigurationPlatforms) = preSolution
		Debug|Any CPU = Debug|Any CPU
		Release|Any CPU = Release|Any CPU
	EndGlobalSection
	GlobalSection(ProjectConfigurationPlatforms) = postSolution
		{FBEF4415-1FD8-448C-833E-EC545D56F98F}.Debug|Any CPU.ActiveCfg = Debug|Any CPU
		{FBEF4415-1FD8-448C-833E-EC545D56F98F}.Debug|Any CPU.Build.0 = Debug|Any CPU
		{FBEF4415-1FD8-448C-833E-EC545D56F98F}.Release|Any CPU.ActiveCfg = Release|Any CPU
		{FBEF4415-1FD8-448C-833E-EC545D56F98F}.Release|Any CPU.Build.0 = Release|Any CPU
	EndGlobalSection
	GlobalSection(SolutionProperties) = preSolution
		HideSolutionNode = FALSE
	EndGlobalSection
	GlobalSection(ExtensibilityGlobals) = postSolution
		SolutionGuid = {9E113BA0-7865-4407-97E4-C26AE86C4ADB}
	EndGlobalSection
EndGlobal
